// !$*UTF8*$!
{
	archiveVersion = 1;
	classes = {
	};
	objectVersion = 55;
	objects = {

/* Begin PBXBuildFile section */
		F23D5AFE2841782200517C3C /* The_What_IfApp.swift in Sources */ = {isa = PBXBuildFile; fileRef = F23D5AFD2841782200517C3C /* The_What_IfApp.swift */; };
		F23D5B022841782200517C3C /* Assets.xcassets in Resources */ = {isa = PBXBuildFile; fileRef = F23D5B012841782200517C3C /* Assets.xcassets */; };
		F23D5B052841782200517C3C /* Preview Assets.xcassets in Resources */ = {isa = PBXBuildFile; fileRef = F23D5B042841782200517C3C /* Preview Assets.xcassets */; };
		F23D5B0A2841782200517C3C /* The_What_If.xcdatamodeld in Sources */ = {isa = PBXBuildFile; fileRef = F23D5B082841782200517C3C /* The_What_If.xcdatamodeld */; };
		F23D5B112841794100517C3C /* HomeView.swift in Sources */ = {isa = PBXBuildFile; fileRef = F23D5B102841794100517C3C /* HomeView.swift */; };
		F23D5B1328417AE500517C3C /* MainTabView.swift in Sources */ = {isa = PBXBuildFile; fileRef = F23D5B1228417AE500517C3C /* MainTabView.swift */; };
		F23D5B1528417C2900517C3C /* MainViewModel.swift in Sources */ = {isa = PBXBuildFile; fileRef = F23D5B1428417C2900517C3C /* MainViewModel.swift */; };
		F23D5B172841997A00517C3C /* SettingsView.swift in Sources */ = {isa = PBXBuildFile; fileRef = F23D5B162841997A00517C3C /* SettingsView.swift */; };
		F23D5B192842858500517C3C /* GoalDetailsView.swift in Sources */ = {isa = PBXBuildFile; fileRef = F23D5B182842858500517C3C /* GoalDetailsView.swift */; };
/* End PBXBuildFile section */

/* Begin PBXFileReference section */
		F23D5AFA2841782200517C3C /* The What If.app */ = {isa = PBXFileReference; explicitFileType = wrapper.application; includeInIndex = 0; path = "The What If.app"; sourceTree = BUILT_PRODUCTS_DIR; };
		F23D5AFD2841782200517C3C /* The_What_IfApp.swift */ = {isa = PBXFileReference; lastKnownFileType = sourcecode.swift; path = The_What_IfApp.swift; sourceTree = "<group>"; };
		F23D5B012841782200517C3C /* Assets.xcassets */ = {isa = PBXFileReference; lastKnownFileType = folder.assetcatalog; path = Assets.xcassets; sourceTree = "<group>"; };
		F23D5B042841782200517C3C /* Preview Assets.xcassets */ = {isa = PBXFileReference; lastKnownFileType = folder.assetcatalog; path = "Preview Assets.xcassets"; sourceTree = "<group>"; };
		F23D5B092841782200517C3C /* The_What_If.xcdatamodel */ = {isa = PBXFileReference; lastKnownFileType = wrapper.xcdatamodel; path = The_What_If.xcdatamodel; sourceTree = "<group>"; };
		F23D5B102841794100517C3C /* HomeView.swift */ = {isa = PBXFileReference; lastKnownFileType = sourcecode.swift; path = HomeView.swift; sourceTree = "<group>"; };
		F23D5B1228417AE500517C3C /* MainTabView.swift */ = {isa = PBXFileReference; lastKnownFileType = sourcecode.swift; path = MainTabView.swift; sourceTree = "<group>"; };
		F23D5B1428417C2900517C3C /* MainViewModel.swift */ = {isa = PBXFileReference; lastKnownFileType = sourcecode.swift; path = MainViewModel.swift; sourceTree = "<group>"; };
		F23D5B162841997A00517C3C /* SettingsView.swift */ = {isa = PBXFileReference; lastKnownFileType = sourcecode.swift; path = SettingsView.swift; sourceTree = "<group>"; };
		F23D5B182842858500517C3C /* GoalDetailsView.swift */ = {isa = PBXFileReference; lastKnownFileType = sourcecode.swift; path = GoalDetailsView.swift; sourceTree = "<group>"; };
/* End PBXFileReference section */

/* Begin PBXFrameworksBuildPhase section */
		F23D5AF72841782200517C3C /* Frameworks */ = {
			isa = PBXFrameworksBuildPhase;
			buildActionMask = 2147483647;
			files = (
			);
			runOnlyForDeploymentPostprocessing = 0;
		};
/* End PBXFrameworksBuildPhase section */

/* Begin PBXGroup section */
		F23D5AF12841782100517C3C = {
			isa = PBXGroup;
			children = (
				F23D5AFC2841782200517C3C /* The What If */,
				F23D5AFB2841782200517C3C /* Products */,
			);
			sourceTree = "<group>";
		};
		F23D5AFB2841782200517C3C /* Products */ = {
			isa = PBXGroup;
			children = (
				F23D5AFA2841782200517C3C /* The What If.app */,
			);
			name = Products;
			sourceTree = "<group>";
		};
		F23D5AFC2841782200517C3C /* The What If */ = {
			isa = PBXGroup;
			children = (
				F23D5AFD2841782200517C3C /* The_What_IfApp.swift */,
				F23D5B012841782200517C3C /* Assets.xcassets */,
				F23D5B102841794100517C3C /* HomeView.swift */,
				F23D5B182842858500517C3C /* GoalDetailsView.swift */,
				F23D5B162841997A00517C3C /* SettingsView.swift */,
				F23D5B1228417AE500517C3C /* MainTabView.swift */,
				F23D5B1428417C2900517C3C /* MainViewModel.swift */,
				F23D5B082841782200517C3C /* The_What_If.xcdatamodeld */,
				F23D5B032841782200517C3C /* Preview Content */,
			);
			path = "The What If";
			sourceTree = "<group>";
		};
		F23D5B032841782200517C3C /* Preview Content */ = {
			isa = PBXGroup;
			children = (
				F23D5B042841782200517C3C /* Preview Assets.xcassets */,
			);
			path = "Preview Content";
			sourceTree = "<group>";
		};
/* End PBXGroup section */

/* Begin PBXNativeTarget section */
		F23D5AF92841782200517C3C /* The What If */ = {
			isa = PBXNativeTarget;
			buildConfigurationList = F23D5B0D2841782200517C3C /* Build configuration list for PBXNativeTarget "The What If" */;
			buildPhases = (
				F23D5AF62841782200517C3C /* Sources */,
				F23D5AF72841782200517C3C /* Frameworks */,
				F23D5AF82841782200517C3C /* Resources */,
			);
			buildRules = (
			);
			dependencies = (
			);
			name = "The What If";
			productName = "The What If";
			productReference = F23D5AFA2841782200517C3C /* The What If.app */;
			productType = "com.apple.product-type.application";
		};
/* End PBXNativeTarget section */

/* Begin PBXProject section */
		F23D5AF22841782100517C3C /* Project object */ = {
			isa = PBXProject;
			attributes = {
				BuildIndependentTargetsInParallel = 1;
				LastSwiftUpdateCheck = 1330;
				LastUpgradeCheck = 1330;
				TargetAttributes = {
					F23D5AF92841782200517C3C = {
						CreatedOnToolsVersion = 13.3;
					};
				};
			};
			buildConfigurationList = F23D5AF52841782100517C3C /* Build configuration list for PBXProject "The What If" */;
			compatibilityVersion = "Xcode 13.0";
			developmentRegion = en;
			hasScannedForEncodings = 0;
			knownRegions = (
				en,
				Base,
			);
			mainGroup = F23D5AF12841782100517C3C;
			productRefGroup = F23D5AFB2841782200517C3C /* Products */;
			projectDirPath = "";
			projectRoot = "";
			targets = (
				F23D5AF92841782200517C3C /* The What If */,
			);
		};
/* End PBXProject section */

/* Begin PBXResourcesBuildPhase section */
		F23D5AF82841782200517C3C /* Resources */ = {
			isa = PBXResourcesBuildPhase;
			buildActionMask = 2147483647;
			files = (
				F23D5B052841782200517C3C /* Preview Assets.xcassets in Resources */,
				F23D5B022841782200517C3C /* Assets.xcassets in Resources */,
			);
			runOnlyForDeploymentPostprocessing = 0;
		};
/* End PBXResourcesBuildPhase section */

/* Begin PBXSourcesBuildPhase section */
		F23D5AF62841782200517C3C /* Sources */ = {
			isa = PBXSourcesBuildPhase;
			buildActionMask = 2147483647;
			files = (
				F23D5B1528417C2900517C3C /* MainViewModel.swift in Sources */,
				F23D5B112841794100517C3C /* HomeView.swift in Sources */,
				F23D5B0A2841782200517C3C /* The_What_If.xcdatamodeld in Sources */,
				F23D5B172841997A00517C3C /* SettingsView.swift in Sources */,
				F23D5B192842858500517C3C /* GoalDetailsView.swift in Sources */,
				F23D5AFE2841782200517C3C /* The_What_IfApp.swift in Sources */,
				F23D5B1328417AE500517C3C /* MainTabView.swift in Sources */,
			);
			runOnlyForDeploymentPostprocessing = 0;
		};
/* End PBXSourcesBuildPhase section */

/* Begin XCBuildConfiguration section */
		F23D5B0B2841782200517C3C /* Debug */ = {
			isa = XCBuildConfiguration;
			buildSettings = {
				ALWAYS_SEARCH_USER_PATHS = NO;
				CLANG_ANALYZER_NONNULL = YES;
				CLANG_ANALYZER_NUMBER_OBJECT_CONVERSION = YES_AGGRESSIVE;
				CLANG_CXX_LANGUAGE_STANDARD = "gnu++17";
				CLANG_ENABLE_MODULES = YES;
				CLANG_ENABLE_OBJC_ARC = YES;
				CLANG_ENABLE_OBJC_WEAK = YES;
				CLANG_WARN_BLOCK_CAPTURE_AUTORELEASING = YES;
				CLANG_WARN_BOOL_CONVERSION = YES;
				CLANG_WARN_COMMA = YES;
				CLANG_WARN_CONSTANT_CONVERSION = YES;
				CLANG_WARN_DEPRECATED_OBJC_IMPLEMENTATIONS = YES;
				CLANG_WARN_DIRECT_OBJC_ISA_USAGE = YES_ERROR;
				CLANG_WARN_DOCUMENTATION_COMMENTS = YES;
				CLANG_WARN_EMPTY_BODY = YES;
				CLANG_WARN_ENUM_CONVERSION = YES;
				CLANG_WARN_INFINITE_RECURSION = YES;
				CLANG_WARN_INT_CONVERSION = YES;
				CLANG_WARN_NON_LITERAL_NULL_CONVERSION = YES;
				CLANG_WARN_OBJC_IMPLICIT_RETAIN_SELF = YES;
				CLANG_WARN_OBJC_LITERAL_CONVERSION = YES;
				CLANG_WARN_OBJC_ROOT_CLASS = YES_ERROR;
				CLANG_WARN_QUOTED_INCLUDE_IN_FRAMEWORK_HEADER = YES;
				CLANG_WARN_RANGE_LOOP_ANALYSIS = YES;
				CLANG_WARN_STRICT_PROTOTYPES = YES;
				CLANG_WARN_SUSPICIOUS_MOVE = YES;
				CLANG_WARN_UNGUARDED_AVAILABILITY = YES_AGGRESSIVE;
				CLANG_WARN_UNREACHABLE_CODE = YES;
				CLANG_WARN__DUPLICATE_METHOD_MATCH = YES;
				COPY_PHASE_STRIP = NO;
				DEBUG_INFORMATION_FORMAT = dwarf;
				ENABLE_STRICT_OBJC_MSGSEND = YES;
				ENABLE_TESTABILITY = YES;
				GCC_C_LANGUAGE_STANDARD = gnu11;
				GCC_DYNAMIC_NO_PIC = NO;
				GCC_NO_COMMON_BLOCKS = YES;
				GCC_OPTIMIZATION_LEVEL = 0;
				GCC_PREPROCESSOR_DEFINITIONS = (
					"DEBUG=1",
					"$(inherited)",
				);
				GCC_WARN_64_TO_32_BIT_CONVERSION = YES;
				GCC_WARN_ABOUT_RETURN_TYPE = YES_ERROR;
				GCC_WARN_UNDECLARED_SELECTOR = YES;
				GCC_WARN_UNINITIALIZED_AUTOS = YES_AGGRESSIVE;
				GCC_WARN_UNUSED_FUNCTION = YES;
				GCC_WARN_UNUSED_VARIABLE = YES;
				IPHONEOS_DEPLOYMENT_TARGET = 15.4;
				MTL_ENABLE_DEBUG_INFO = INCLUDE_SOURCE;
				MTL_FAST_MATH = YES;
				ONLY_ACTIVE_ARCH = YES;
				SDKROOT = iphoneos;
				SWIFT_ACTIVE_COMPILATION_CONDITIONS = DEBUG;
				SWIFT_OPTIMIZATION_LEVEL = "-Onone";
			};
			name = Debug;
		};
		F23D5B0C2841782200517C3C /* Release */ = {
			isa = XCBuildConfiguration;
			buildSettings = {
				ALWAYS_SEARCH_USER_PATHS = NO;
				CLANG_ANALYZER_NONNULL = YES;
				CLANG_ANALYZER_NUMBER_OBJECT_CONVERSION = YES_AGGRESSIVE;
				CLANG_CXX_LANGUAGE_STANDARD = "gnu++17";
				CLANG_ENABLE_MODULES = YES;
				CLANG_ENABLE_OBJC_ARC = YES;
				CLANG_ENABLE_OBJC_WEAK = YES;
				CLANG_WARN_BLOCK_CAPTURE_AUTORELEASING = YES;
				CLANG_WARN_BOOL_CONVERSION = YES;
				CLANG_WARN_COMMA = YES;
				CLANG_WARN_CONSTANT_CONVERSION = YES;
				CLANG_WARN_DEPRECATED_OBJC_IMPLEMENTATIONS = YES;
				CLANG_WARN_DIRECT_OBJC_ISA_USAGE = YES_ERROR;
				CLANG_WARN_DOCUMENTATION_COMMENTS = YES;
				CLANG_WARN_EMPTY_BODY = YES;
				CLANG_WARN_ENUM_CONVERSION = YES;
				CLANG_WARN_INFINITE_RECURSION = YES;
				CLANG_WARN_INT_CONVERSION = YES;
				CLANG_WARN_NON_LITERAL_NULL_CONVERSION = YES;
				CLANG_WARN_OBJC_IMPLICIT_RETAIN_SELF = YES;
				CLANG_WARN_OBJC_LITERAL_CONVERSION = YES;
				CLANG_WARN_OBJC_ROOT_CLASS = YES_ERROR;
				CLANG_WARN_QUOTED_INCLUDE_IN_FRAMEWORK_HEADER = YES;
				CLANG_WARN_RANGE_LOOP_ANALYSIS = YES;
				CLANG_WARN_STRICT_PROTOTYPES = YES;
				CLANG_WARN_SUSPICIOUS_MOVE = YES;
				CLANG_WARN_UNGUARDED_AVAILABILITY = YES_AGGRESSIVE;
				CLANG_WARN_UNREACHABLE_CODE = YES;
				CLANG_WARN__DUPLICATE_METHOD_MATCH = YES;
				COPY_PHASE_STRIP = NO;
				DEBUG_INFORMATION_FORMAT = "dwarf-with-dsym";
				ENABLE_NS_ASSERTIONS = NO;
				ENABLE_STRICT_OBJC_MSGSEND = YES;
				GCC_C_LANGUAGE_STANDARD = gnu11;
				GCC_NO_COMMON_BLOCKS = YES;
				GCC_WARN_64_TO_32_BIT_CONVERSION = YES;
				GCC_WARN_ABOUT_RETURN_TYPE = YES_ERROR;
				GCC_WARN_UNDECLARED_SELECTOR = YES;
				GCC_WARN_UNINITIALIZED_AUTOS = YES_AGGRESSIVE;
				GCC_WARN_UNUSED_FUNCTION = YES;
				GCC_WARN_UNUSED_VARIABLE = YES;
				IPHONEOS_DEPLOYMENT_TARGET = 15.4;
				MTL_ENABLE_DEBUG_INFO = NO;
				MTL_FAST_MATH = YES;
				SDKROOT = iphoneos;
				SWIFT_COMPILATION_MODE = wholemodule;
				SWIFT_OPTIMIZATION_LEVEL = "-O";
				VALIDATE_PRODUCT = YES;
			};
			name = Release;
		};
		F23D5B0E2841782200517C3C /* Debug */ = {
			isa = XCBuildConfiguration;
			buildSettings = {
				ASSETCATALOG_COMPILER_APPICON_NAME = AppIcon;
				ASSETCATALOG_COMPILER_GLOBAL_ACCENT_COLOR_NAME = AccentColor;
				CODE_SIGN_STYLE = Automatic;
				CURRENT_PROJECT_VERSION = 1;
				DEVELOPMENT_ASSET_PATHS = "\"The What If/Preview Content\"";
				DEVELOPMENT_TEAM = 53QRKPH45R;
				ENABLE_PREVIEWS = YES;
				GENERATE_INFOPLIST_FILE = YES;
				INFOPLIST_KEY_UIApplicationSceneManifest_Generation = YES;
				INFOPLIST_KEY_UIApplicationSupportsIndirectInputEvents = YES;
				INFOPLIST_KEY_UILaunchScreen_Generation = YES;
				INFOPLIST_KEY_UISupportedInterfaceOrientations_iPad = "UIInterfaceOrientationPortrait UIInterfaceOrientationPortraitUpsideDown UIInterfaceOrientationLandscapeLeft UIInterfaceOrientationLandscapeRight";
				INFOPLIST_KEY_UISupportedInterfaceOrientations_iPhone = "UIInterfaceOrientationPortrait UIInterfaceOrientationLandscapeLeft UIInterfaceOrientationLandscapeRight";
				LD_RUNPATH_SEARCH_PATHS = (
					"$(inherited)",
					"@executable_path/Frameworks",
				);
				MARKETING_VERSION = 1.0;
				PRODUCT_BUNDLE_IDENTIFIER = "com.yonaharel.The-What-If";
				PRODUCT_NAME = "$(TARGET_NAME)";
				SWIFT_EMIT_LOC_STRINGS = YES;
				SWIFT_VERSION = 5.0;
				TARGETED_DEVICE_FAMILY = "1,2";
			};
			name = Debug;
		};
		F23D5B0F2841782200517C3C /* Release */ = {
			isa = XCBuildConfiguration;
			buildSettings = {
				ASSETCATALOG_COMPILER_APPICON_NAME = AppIcon;
				ASSETCATALOG_COMPILER_GLOBAL_ACCENT_COLOR_NAME = AccentColor;
				CODE_SIGN_STYLE = Automatic;
				CURRENT_PROJECT_VERSION = 1;
				DEVELOPMENT_ASSET_PATHS = "\"The What If/Preview Content\"";
				DEVELOPMENT_TEAM = 53QRKPH45R;
				ENABLE_PREVIEWS = YES;
				GENERATE_INFOPLIST_FILE = YES;
				INFOPLIST_KEY_UIApplicationSceneManifest_Generation = YES;
				INFOPLIST_KEY_UIApplicationSupportsIndirectInputEvents = YES;
				INFOPLIST_KEY_UILaunchScreen_Generation = YES;
				INFOPLIST_KEY_UISupportedInterfaceOrientations_iPad = "UIInterfaceOrientationPortrait UIInterfaceOrientationPortraitUpsideDown UIInterfaceOrientationLandscapeLeft UIInterfaceOrientationLandscapeRight";
				INFOPLIST_KEY_UISupportedInterfaceOrientations_iPhone = "UIInterfaceOrientationPortrait UIInterfaceOrientationLandscapeLeft UIInterfaceOrientationLandscapeRight";
				LD_RUNPATH_SEARCH_PATHS = (
					"$(inherited)",
					"@executable_path/Frameworks",
				);
				MARKETING_VERSION = 1.0;
				PRODUCT_BUNDLE_IDENTIFIER = "com.yonaharel.The-What-If";
				PRODUCT_NAME = "$(TARGET_NAME)";
				SWIFT_EMIT_LOC_STRINGS = YES;
				SWIFT_VERSION = 5.0;
				TARGETED_DEVICE_FAMILY = "1,2";
			};
			name = Release;
		};
/* End XCBuildConfiguration section */

/* Begin XCConfigurationList section */
		F23D5AF52841782100517C3C /* Build configuration list for PBXProject "The What If" */ = {
			isa = XCConfigurationList;
			buildConfigurations = (
				F23D5B0B2841782200517C3C /* Debug */,
				F23D5B0C2841782200517C3C /* Release */,
			);
			defaultConfigurationIsVisible = 0;
			defaultConfigurationName = Release;
		};
		F23D5B0D2841782200517C3C /* Build configuration list for PBXNativeTarget "The What If" */ = {
			isa = XCConfigurationList;
			buildConfigurations = (
				F23D5B0E2841782200517C3C /* Debug */,
				F23D5B0F2841782200517C3C /* Release */,
			);
			defaultConfigurationIsVisible = 0;
			defaultConfigurationName = Release;
		};
/* End XCConfigurationList section */

/* Begin XCVersionGroup section */
		F23D5B082841782200517C3C /* The_What_If.xcdatamodeld */ = {
			isa = XCVersionGroup;
			children = (
				F23D5B092841782200517C3C /* The_What_If.xcdatamodel */,
			);
			currentVersion = F23D5B092841782200517C3C /* The_What_If.xcdatamodel */;
			path = The_What_If.xcdatamodeld;
			sourceTree = "<group>";
			versionGroupType = wrapper.xcdatamodel;
		};
/* End XCVersionGroup section */
	};
	rootObject = F23D5AF22841782100517C3C /* Project object */;
}
